
Microsoft Visual Studio Solution File, Format Version 12.00
# Visual Studio Version 16
VisualStudioVersion = 16.0.31729.503
MinimumVisualStudioVersion = 10.0.40219.1
Project("{FAE04EC0-301F-11D3-BF4B-00C04F79EFBC}") = "BucHunt", "BucHunt\BucHunt.csproj", "{64613A4F-0266-4B8B-983A-30E7F06CFF8C}"
EndProject
Project("{FAE04EC0-301F-11D3-BF4B-00C04F79EFBC}") = "BucHunt.Tests", "BucHunt.Tests\BucHunt.Tests.csproj", "{3E838C20-FA58-412A-85A1-CF42CBA9F9A2}"
EndProject
Project("{00D1A9C2-B5F0-4AF3-8072-F6C62B433612}") = "BucHuntDB", "BucHuntDB\BucHuntDB.sqlproj", "{E883CDD3-5B21-451D-94E1-65F3D14D4E55}"
EndProject
Project("{FAE04EC0-301F-11D3-BF4B-00C04F79EFBC}") = "DataLibrary", "DataLibrary\DataLibrary.csproj", "{59320AAC-0580-47B4-B518-0D67D7E95236}"
EndProject
Global
	GlobalSection(SolutionConfigurationPlatforms) = preSolution
		Debug|Any CPU = Debug|Any CPU
		Release|Any CPU = Release|Any CPU
	EndGlobalSection
	GlobalSection(ProjectConfigurationPlatforms) = postSolution
		{64613A4F-0266-4B8B-983A-30E7F06CFF8C}.Debug|Any CPU.ActiveCfg = Debug|Any CPU
		{64613A4F-0266-4B8B-983A-30E7F06CFF8C}.Debug|Any CPU.Build.0 = Debug|Any CPU
		{64613A4F-0266-4B8B-983A-30E7F06CFF8C}.Release|Any CPU.ActiveCfg = Release|Any CPU
		{64613A4F-0266-4B8B-983A-30E7F06CFF8C}.Release|Any CPU.Build.0 = Release|Any CPU
		{3E838C20-FA58-412A-85A1-CF42CBA9F9A2}.Debug|Any CPU.ActiveCfg = Debug|Any CPU
		{3E838C20-FA58-412A-85A1-CF42CBA9F9A2}.Debug|Any CPU.Build.0 = Debug|Any CPU
		{3E838C20-FA58-412A-85A1-CF42CBA9F9A2}.Release|Any CPU.ActiveCfg = Release|Any CPU
		{3E838C20-FA58-412A-85A1-CF42CBA9F9A2}.Release|Any CPU.Build.0 = Release|Any CPU
		{E883CDD3-5B21-451D-94E1-65F3D14D4E55}.Debug|Any CPU.ActiveCfg = Debug|Any CPU
		{E883CDD3-5B21-451D-94E1-65F3D14D4E55}.Debug|Any CPU.Build.0 = Debug|Any CPU
		{E883CDD3-5B21-451D-94E1-65F3D14D4E55}.Debug|Any CPU.Deploy.0 = Debug|Any CPU
		{E883CDD3-5B21-451D-94E1-65F3D14D4E55}.Release|Any CPU.ActiveCfg = Release|Any CPU
		{E883CDD3-5B21-451D-94E1-65F3D14D4E55}.Release|Any CPU.Build.0 = Release|Any CPU
		{E883CDD3-5B21-451D-94E1-65F3D14D4E55}.Release|Any CPU.Deploy.0 = Release|Any CPU
		{59320AAC-0580-47B4-B518-0D67D7E95236}.Debug|Any CPU.ActiveCfg = Debug|Any CPU
		{59320AAC-0580-47B4-B518-0D67D7E95236}.Debug|Any CPU.Build.0 = Debug|Any CPU
		{59320AAC-0580-47B4-B518-0D67D7E95236}.Release|Any CPU.ActiveCfg = Release|Any CPU
		{59320AAC-0580-47B4-B518-0D67D7E95236}.Release|Any CPU.Build.0 = Release|Any CPU
	EndGlobalSection
	GlobalSection(SolutionProperties) = preSolution
		HideSolutionNode = FALSE
	EndGlobalSection
	GlobalSection(ExtensibilityGlobals) = postSolution
		SolutionGuid = {4C352612-1BFE-4B90-9C7A-A5EA12EC3221}
	EndGlobalSection
EndGlobal
